
Microsoft Visual Studio Solution File, Format Version 12.00
# Visual Studio 15
VisualStudioVersion = 15.0.27130.2010
MinimumVisualStudioVersion = 10.0.40219.1
Project("{FAE04EC0-301F-11D3-BF4B-00C04F79EFBC}") = "MillionHerosHelper", "MillionHerosHelper\MillionHerosHelper.csproj", "{7C99C00A-D946-4896-84DF-24483A68125C}"
EndProject
Global
	GlobalSection(SolutionConfigurationPlatforms) = preSolution
		Debug|Any CPU = Debug|Any CPU
		Release|Any CPU = Release|Any CPU
	EndGlobalSection
	GlobalSection(ProjectConfigurationPlatforms) = postSolution
		{7C99C00A-D946-4896-84DF-24483A68125C}.Debug|Any CPU.ActiveCfg = Debug|Any CPU
		{7C99C00A-D946-4896-84DF-24483A68125C}.Debug|Any CPU.Build.0 = Debug|Any CPU
		{7C99C00A-D946-4896-84DF-24483A68125C}.Release|Any CPU.ActiveCfg = Release|Any CPU
		{7C99C00A-D946-4896-84DF-24483A68125C}.Release|Any CPU.Build.0 = Release|Any CPU
	EndGlobalSection
	GlobalSection(SolutionProperties) = preSolution
		HideSolutionNode = FALSE
	EndGlobalSection
	GlobalSection(ExtensibilityGlobals) = postSolution
		SolutionGuid = {37268BCC-2467-4983-9741-62EA11E10855}
	EndGlobalSection
EndGlobal
